# This file is automatically @generated by Cargo.
# It is not intended for manual editing.
version = 3

[[package]]
name = "game"
version = "0.1.0"
dependencies = [
 "game_state",
]

[[package]]
name = "game_state"
version = "0.1.0"

[[package]]
name = "handmade_ferris"
version = "0.1.0"
dependencies = [
 "game_state",
 "x11-rs",
]

[[package]]
name = "x11-rs"
version = "0.1.0"
